
Microsoft Visual Studio Solution File, Format Version 12.00
# Visual Studio Version 17
VisualStudioVersion = 17.3.32901.215
MinimumVisualStudioVersion = 10.0.40219.1
Project("{9A19103F-16F7-4668-BE54-9A1E7A4F7556}") = "OstrichPomoadoro", "OstrichPomoadoro.csproj", "{02074DD1-14F0-45BC-9DD5-FFE7F894E680}"
EndProject
Global
	GlobalSection(SolutionConfigurationPlatforms) = preSolution
		Debug|Any CPU = Debug|Any CPU
		Release|Any CPU = Release|Any CPU
	EndGlobalSection
	GlobalSection(ProjectConfigurationPlatforms) = postSolution
		{02074DD1-14F0-45BC-9DD5-FFE7F894E680}.Debug|Any CPU.ActiveCfg = Debug|Any CPU
		{02074DD1-14F0-45BC-9DD5-FFE7F894E680}.Debug|Any CPU.Build.0 = Debug|Any CPU
		{02074DD1-14F0-45BC-9DD5-FFE7F894E680}.Release|Any CPU.ActiveCfg = Release|Any CPU
		{02074DD1-14F0-45BC-9DD5-FFE7F894E680}.Release|Any CPU.Build.0 = Release|Any CPU
	EndGlobalSection
	GlobalSection(SolutionProperties) = preSolution
		HideSolutionNode = FALSE
	EndGlobalSection
	GlobalSection(ExtensibilityGlobals) = postSolution
		SolutionGuid = {A2782B28-E20C-4458-A9CA-D65EB1CB854A}
	EndGlobalSection
EndGlobal
